
Microsoft Visual Studio Solution File, Format Version 12.00
# Visual Studio Version 17
VisualStudioVersion = 17.6.33829.357
MinimumVisualStudioVersion = 10.0.40219.1
Project("{FAE04EC0-301F-11D3-BF4B-00C04F79EFBC}") = "EatEaze.Data", "EatEaze.Data\EatEaze.Data.csproj", "{FEE4F02B-AEA1-4D57-BF1A-279A8419BE9D}"
EndProject
Project("{2150E333-8FDC-42A3-9474-1A3956D46DE8}") = "Solution Items", "Solution Items", "{5B5B3F37-7E37-40BA-BB39-0B176F1E4A8C}"
	ProjectSection(SolutionItems) = preProject
		docker-compose.yml = docker-compose.yml
	EndProjectSection
EndProject
Project("{FAE04EC0-301F-11D3-BF4B-00C04F79EFBC}") = "EatEaze.WebApplication", "EatEaze.WebApplication\EatEaze.WebApplication.csproj", "{D3E860FC-2E6B-4FCD-99E0-C55BD25082B5}"
EndProject
Global
	GlobalSection(SolutionConfigurationPlatforms) = preSolution
		Debug|Any CPU = Debug|Any CPU
		Release|Any CPU = Release|Any CPU
	EndGlobalSection
	GlobalSection(ProjectConfigurationPlatforms) = postSolution
		{FEE4F02B-AEA1-4D57-BF1A-279A8419BE9D}.Debug|Any CPU.ActiveCfg = Debug|Any CPU
		{FEE4F02B-AEA1-4D57-BF1A-279A8419BE9D}.Debug|Any CPU.Build.0 = Debug|Any CPU
		{FEE4F02B-AEA1-4D57-BF1A-279A8419BE9D}.Release|Any CPU.ActiveCfg = Release|Any CPU
		{FEE4F02B-AEA1-4D57-BF1A-279A8419BE9D}.Release|Any CPU.Build.0 = Release|Any CPU
		{D3E860FC-2E6B-4FCD-99E0-C55BD25082B5}.Debug|Any CPU.ActiveCfg = Debug|Any CPU
		{D3E860FC-2E6B-4FCD-99E0-C55BD25082B5}.Debug|Any CPU.Build.0 = Debug|Any CPU
		{D3E860FC-2E6B-4FCD-99E0-C55BD25082B5}.Release|Any CPU.ActiveCfg = Release|Any CPU
		{D3E860FC-2E6B-4FCD-99E0-C55BD25082B5}.Release|Any CPU.Build.0 = Release|Any CPU
	EndGlobalSection
	GlobalSection(SolutionProperties) = preSolution
		HideSolutionNode = FALSE
	EndGlobalSection
	GlobalSection(ExtensibilityGlobals) = postSolution
		SolutionGuid = {DE79C534-E390-4A3C-8F86-9B8A687E5793}
	EndGlobalSection
EndGlobal
